
Microsoft Visual Studio Solution File, Format Version 12.00
# Visual Studio Version 17
VisualStudioVersion = 17.11.35222.181
MinimumVisualStudioVersion = 10.0.40219.1
Project("{9A19103F-16F7-4668-BE54-9A1E7A4F7556}") = "DesafioFundamentos", "DesafioFundamentos.csproj", "{2EDD5D44-F827-4160-B857-8EFFB6209A57}"
EndProject
Global
	GlobalSection(SolutionConfigurationPlatforms) = preSolution
		Debug|Any CPU = Debug|Any CPU
		Release|Any CPU = Release|Any CPU
	EndGlobalSection
	GlobalSection(ProjectConfigurationPlatforms) = postSolution
		{2EDD5D44-F827-4160-B857-8EFFB6209A57}.Debug|Any CPU.ActiveCfg = Debug|Any CPU
		{2EDD5D44-F827-4160-B857-8EFFB6209A57}.Debug|Any CPU.Build.0 = Debug|Any CPU
		{2EDD5D44-F827-4160-B857-8EFFB6209A57}.Release|Any CPU.ActiveCfg = Release|Any CPU
		{2EDD5D44-F827-4160-B857-8EFFB6209A57}.Release|Any CPU.Build.0 = Release|Any CPU
	EndGlobalSection
	GlobalSection(SolutionProperties) = preSolution
		HideSolutionNode = FALSE
	EndGlobalSection
	GlobalSection(ExtensibilityGlobals) = postSolution
		SolutionGuid = {AC2B502B-78C5-4720-AFC4-825DB100B6F2}
	EndGlobalSection
EndGlobal
